
Microsoft Visual Studio Solution File, Format Version 12.00
# Visual Studio 15
VisualStudioVersion = 15.0.27703.2026
MinimumVisualStudioVersion = 10.0.40219.1
Project("{FAE04EC0-301F-11D3-BF4B-00C04F79EFBC}") = "MicrowaveOvenHW", "MicrowaveOvenHW\MicrowaveOvenHW.csproj", "{EB54B07F-8C71-4392-8F04-17DA3FC5FABC}"
EndProject
Global
	GlobalSection(SolutionConfigurationPlatforms) = preSolution
		Debug|Any CPU = Debug|Any CPU
		Release|Any CPU = Release|Any CPU
	EndGlobalSection
	GlobalSection(ProjectConfigurationPlatforms) = postSolution
		{EB54B07F-8C71-4392-8F04-17DA3FC5FABC}.Debug|Any CPU.ActiveCfg = Debug|Any CPU
		{EB54B07F-8C71-4392-8F04-17DA3FC5FABC}.Debug|Any CPU.Build.0 = Debug|Any CPU
		{EB54B07F-8C71-4392-8F04-17DA3FC5FABC}.Release|Any CPU.ActiveCfg = Release|Any CPU
		{EB54B07F-8C71-4392-8F04-17DA3FC5FABC}.Release|Any CPU.Build.0 = Release|Any CPU
	EndGlobalSection
	GlobalSection(SolutionProperties) = preSolution
		HideSolutionNode = FALSE
	EndGlobalSection
	GlobalSection(ExtensibilityGlobals) = postSolution
		SolutionGuid = {C93B423B-1F6B-457B-B0C4-60F8C793E5E1}
	EndGlobalSection
EndGlobal
